
Microsoft Visual Studio Solution File, Format Version 12.00
# Visual Studio Version 17
VisualStudioVersion = 17.8.34330.188
MinimumVisualStudioVersion = 10.0.40219.1
Project("{FAE04EC0-301F-11D3-BF4B-00C04F79EFBC}") = "KeyboardEvents", "PasswordGenerator\KeyboardEvents.csproj", "{048672E9-70DF-4570-B139-21FA7A0A65C4}"
EndProject
Global
	GlobalSection(SolutionConfigurationPlatforms) = preSolution
		Debug|Any CPU = Debug|Any CPU
		Release|Any CPU = Release|Any CPU
	EndGlobalSection
	GlobalSection(ProjectConfigurationPlatforms) = postSolution
		{048672E9-70DF-4570-B139-21FA7A0A65C4}.Debug|Any CPU.ActiveCfg = Debug|Any CPU
		{048672E9-70DF-4570-B139-21FA7A0A65C4}.Debug|Any CPU.Build.0 = Debug|Any CPU
		{048672E9-70DF-4570-B139-21FA7A0A65C4}.Release|Any CPU.ActiveCfg = Release|Any CPU
		{048672E9-70DF-4570-B139-21FA7A0A65C4}.Release|Any CPU.Build.0 = Release|Any CPU
	EndGlobalSection
	GlobalSection(SolutionProperties) = preSolution
		HideSolutionNode = FALSE
	EndGlobalSection
	GlobalSection(ExtensibilityGlobals) = postSolution
		SolutionGuid = {4B0E2723-3C44-4035-B7D2-C1E1AD9B3C89}
	EndGlobalSection
EndGlobal
