
Microsoft Visual Studio Solution File, Format Version 12.00
# Visual Studio Version 17
VisualStudioVersion = 17.8.34330.188
MinimumVisualStudioVersion = 10.0.40219.1
Project("{FAE04EC0-301F-11D3-BF4B-00C04F79EFBC}") = "diceRollerApp", "diceRollerApp\diceRollerApp.csproj", "{EF4A358F-4829-4EAA-96AE-F56240DA7DBE}"
EndProject
Global
	GlobalSection(SolutionConfigurationPlatforms) = preSolution
		Debug|Any CPU = Debug|Any CPU
		Release|Any CPU = Release|Any CPU
	EndGlobalSection
	GlobalSection(ProjectConfigurationPlatforms) = postSolution
		{EF4A358F-4829-4EAA-96AE-F56240DA7DBE}.Debug|Any CPU.ActiveCfg = Debug|Any CPU
		{EF4A358F-4829-4EAA-96AE-F56240DA7DBE}.Debug|Any CPU.Build.0 = Debug|Any CPU
		{EF4A358F-4829-4EAA-96AE-F56240DA7DBE}.Release|Any CPU.ActiveCfg = Release|Any CPU
		{EF4A358F-4829-4EAA-96AE-F56240DA7DBE}.Release|Any CPU.Build.0 = Release|Any CPU
	EndGlobalSection
	GlobalSection(SolutionProperties) = preSolution
		HideSolutionNode = FALSE
	EndGlobalSection
	GlobalSection(ExtensibilityGlobals) = postSolution
		SolutionGuid = {7CCFEC25-5ED6-46DB-B125-A8471B9A7386}
	EndGlobalSection
EndGlobal
